
Microsoft Visual Studio Solution File, Format Version 12.00
# Visual Studio 15
Project("{FAE04EC0-301F-11D3-BF4B-00C04F79EFBC}") = "Assembly-CSharp", "Assembly-CSharp.csproj", "{10E05756-6FCB-A041-1BDF-F9901A619E75}"
EndProject
Project("{FAE04EC0-301F-11D3-BF4B-00C04F79EFBC}") = "Unity.2DPlatformer.Tutorials", "Unity.2DPlatformer.Tutorials.csproj", "{C4EA6D0A-1E8E-129B-914F-00688EE32F47}"
EndProject
Project("{FAE04EC0-301F-11D3-BF4B-00C04F79EFBC}") = "Unity.Platformer.Tutorials", "Unity.Platformer.Tutorials.csproj", "{764927FD-D383-FFCC-3E6F-ABDA7897A9FB}"
EndProject
Project("{FAE04EC0-301F-11D3-BF4B-00C04F79EFBC}") = "Assembly-CSharp-Editor", "Assembly-CSharp-Editor.csproj", "{8E3E606A-375B-EAD1-0CB2-44F84E2D5FAB}"
EndProject
Global
	GlobalSection(SolutionConfigurationPlatforms) = preSolution
		Debug|Any CPU = Debug|Any CPU
		Release|Any CPU = Release|Any CPU
	EndGlobalSection
	GlobalSection(ProjectConfigurationPlatforms) = postSolution
		{10E05756-6FCB-A041-1BDF-F9901A619E75}.Debug|Any CPU.ActiveCfg = Debug|Any CPU
		{10E05756-6FCB-A041-1BDF-F9901A619E75}.Debug|Any CPU.Build.0 = Debug|Any CPU
		{10E05756-6FCB-A041-1BDF-F9901A619E75}.Release|Any CPU.ActiveCfg = Release|Any CPU
		{10E05756-6FCB-A041-1BDF-F9901A619E75}.Release|Any CPU.Build.0 = Release|Any CPU
		{C4EA6D0A-1E8E-129B-914F-00688EE32F47}.Debug|Any CPU.ActiveCfg = Debug|Any CPU
		{C4EA6D0A-1E8E-129B-914F-00688EE32F47}.Debug|Any CPU.Build.0 = Debug|Any CPU
		{C4EA6D0A-1E8E-129B-914F-00688EE32F47}.Release|Any CPU.ActiveCfg = Release|Any CPU
		{C4EA6D0A-1E8E-129B-914F-00688EE32F47}.Release|Any CPU.Build.0 = Release|Any CPU
		{764927FD-D383-FFCC-3E6F-ABDA7897A9FB}.Debug|Any CPU.ActiveCfg = Debug|Any CPU
		{764927FD-D383-FFCC-3E6F-ABDA7897A9FB}.Debug|Any CPU.Build.0 = Debug|Any CPU
		{764927FD-D383-FFCC-3E6F-ABDA7897A9FB}.Release|Any CPU.ActiveCfg = Release|Any CPU
		{764927FD-D383-FFCC-3E6F-ABDA7897A9FB}.Release|Any CPU.Build.0 = Release|Any CPU
		{8E3E606A-375B-EAD1-0CB2-44F84E2D5FAB}.Debug|Any CPU.ActiveCfg = Debug|Any CPU
		{8E3E606A-375B-EAD1-0CB2-44F84E2D5FAB}.Debug|Any CPU.Build.0 = Debug|Any CPU
		{8E3E606A-375B-EAD1-0CB2-44F84E2D5FAB}.Release|Any CPU.ActiveCfg = Release|Any CPU
		{8E3E606A-375B-EAD1-0CB2-44F84E2D5FAB}.Release|Any CPU.Build.0 = Release|Any CPU
	EndGlobalSection
	GlobalSection(SolutionProperties) = preSolution
		HideSolutionNode = FALSE
	EndGlobalSection
EndGlobal
